// !$*UTF8*$!
{
	archiveVersion = 1;
	classes = {
	};
	objectVersion = 50;
	objects = {

/* Begin PBXBuildFile section */
		5B287F8221B8BD1D004AE12C /* ProfileViewController.swift in Sources */ = {isa = PBXBuildFile; fileRef = 5B287F8121B8BD1D004AE12C /* ProfileViewController.swift */; };
		5B9AADB421B7653700862D06 /* SignUpViewController.swift in Sources */ = {isa = PBXBuildFile; fileRef = 5B9AADB321B7653700862D06 /* SignUpViewController.swift */; };
		5B9AADB621B7655200862D06 /* LoginViewController.swift in Sources */ = {isa = PBXBuildFile; fileRef = 5B9AADB521B7655200862D06 /* LoginViewController.swift */; };
		5B9AADB921B766E600862D06 /* SMSAuthenticationViewController.swift in Sources */ = {isa = PBXBuildFile; fileRef = 5B9AADB821B766E600862D06 /* SMSAuthenticationViewController.swift */; };
		5B9AADBB21B7673400862D06 /* TopPageViewController.swift in Sources */ = {isa = PBXBuildFile; fileRef = 5B9AADBA21B7673400862D06 /* TopPageViewController.swift */; };
		93A5260F96C49E2A581C4D3A /* Pods_proto_twitterUITests.framework in Frameworks */ = {isa = PBXBuildFile; fileRef = 8ABF8B5D5969391BC5291373 /* Pods_proto_twitterUITests.framework */; };
		BD282E3C2B9D428735AD2D59 /* Pods_proto_twitter.framework in Frameworks */ = {isa = PBXBuildFile; fileRef = D1AA3F1A68FD42BA05578DE8 /* Pods_proto_twitter.framework */; };
		DD1B6CF021AC0330004E6619 /* AppDelegate.swift in Sources */ = {isa = PBXBuildFile; fileRef = DD1B6CEF21AC0330004E6619 /* AppDelegate.swift */; };
		DD1B6CF221AC0330004E6619 /* ViewController.swift in Sources */ = {isa = PBXBuildFile; fileRef = DD1B6CF121AC0330004E6619 /* ViewController.swift */; };
		DD1B6CF521AC0331004E6619 /* Main.storyboard in Resources */ = {isa = PBXBuildFile; fileRef = DD1B6CF321AC0331004E6619 /* Main.storyboard */; };
		DD1B6CF721AC0338004E6619 /* Assets.xcassets in Resources */ = {isa = PBXBuildFile; fileRef = DD1B6CF621AC0338004E6619 /* Assets.xcassets */; };
		DD1B6CFA21AC0338004E6619 /* LaunchScreen.storyboard in Resources */ = {isa = PBXBuildFile; fileRef = DD1B6CF821AC0338004E6619 /* LaunchScreen.storyboard */; };
		DD1B6D0521AC0339004E6619 /* proto_twitterTests.swift in Sources */ = {isa = PBXBuildFile; fileRef = DD1B6D0421AC0339004E6619 /* proto_twitterTests.swift */; };
		DD1B6D1021AC0339004E6619 /* proto_twitterUITests.swift in Sources */ = {isa = PBXBuildFile; fileRef = DD1B6D0F21AC0339004E6619 /* proto_twitterUITests.swift */; };
		DDEB384121AD30F800EEC59E /* GoogleService-Info.plist in Resources */ = {isa = PBXBuildFile; fileRef = DDEB384021AD30F800EEC59E /* GoogleService-Info.plist */; };
		E3C02716D6A255938B6AE4D0 /* Pods_proto_twitterTests.framework in Frameworks */ = {isa = PBXBuildFile; fileRef = 886491CD75AA7ED3CEE07479 /* Pods_proto_twitterTests.framework */; };
/* End PBXBuildFile section */

/* Begin PBXContainerItemProxy section */
		DD1B6D0121AC0339004E6619 /* PBXContainerItemProxy */ = {
			isa = PBXContainerItemProxy;
			containerPortal = DD1B6CE421AC0330004E6619 /* Project object */;
			proxyType = 1;
			remoteGlobalIDString = DD1B6CEB21AC0330004E6619;
			remoteInfo = proto_twitter;
		};
		DD1B6D0C21AC0339004E6619 /* PBXContainerItemProxy */ = {
			isa = PBXContainerItemProxy;
			containerPortal = DD1B6CE421AC0330004E6619 /* Project object */;
			proxyType = 1;
			remoteGlobalIDString = DD1B6CEB21AC0330004E6619;
			remoteInfo = proto_twitter;
		};
/* End PBXContainerItemProxy section */

/* Begin PBXFileReference section */
		2ACA5D9052ECEF39BA191298 /* Pods-proto_twitterTests.release.xcconfig */ = {isa = PBXFileReference; includeInIndex = 1; lastKnownFileType = text.xcconfig; name = "Pods-proto_twitterTests.release.xcconfig"; path = "Pods/Target Support Files/Pods-proto_twitterTests/Pods-proto_twitterTests.release.xcconfig"; sourceTree = "<group>"; };
		5B287F8121B8BD1D004AE12C /* ProfileViewController.swift */ = {isa = PBXFileReference; lastKnownFileType = sourcecode.swift; path = ProfileViewController.swift; sourceTree = "<group>"; };
		5B9AADB321B7653700862D06 /* SignUpViewController.swift */ = {isa = PBXFileReference; lastKnownFileType = sourcecode.swift; path = SignUpViewController.swift; sourceTree = "<group>"; };
		5B9AADB521B7655200862D06 /* LoginViewController.swift */ = {isa = PBXFileReference; lastKnownFileType = sourcecode.swift; path = LoginViewController.swift; sourceTree = "<group>"; };
		5B9AADB821B766E600862D06 /* SMSAuthenticationViewController.swift */ = {isa = PBXFileReference; lastKnownFileType = sourcecode.swift; path = SMSAuthenticationViewController.swift; sourceTree = "<group>"; };
		5B9AADBA21B7673400862D06 /* TopPageViewController.swift */ = {isa = PBXFileReference; lastKnownFileType = sourcecode.swift; path = TopPageViewController.swift; sourceTree = "<group>"; };
		699C4E2A07632EB3B0E20C99 /* Pods-proto_twitterUITests.release.xcconfig */ = {isa = PBXFileReference; includeInIndex = 1; lastKnownFileType = text.xcconfig; name = "Pods-proto_twitterUITests.release.xcconfig"; path = "Pods/Target Support Files/Pods-proto_twitterUITests/Pods-proto_twitterUITests.release.xcconfig"; sourceTree = "<group>"; };
		886491CD75AA7ED3CEE07479 /* Pods_proto_twitterTests.framework */ = {isa = PBXFileReference; explicitFileType = wrapper.framework; includeInIndex = 0; path = Pods_proto_twitterTests.framework; sourceTree = BUILT_PRODUCTS_DIR; };
		8ABF8B5D5969391BC5291373 /* Pods_proto_twitterUITests.framework */ = {isa = PBXFileReference; explicitFileType = wrapper.framework; includeInIndex = 0; path = Pods_proto_twitterUITests.framework; sourceTree = BUILT_PRODUCTS_DIR; };
		92F5B18D1446F31F528C0D14 /* Pods-proto_twitter.release.xcconfig */ = {isa = PBXFileReference; includeInIndex = 1; lastKnownFileType = text.xcconfig; name = "Pods-proto_twitter.release.xcconfig"; path = "Pods/Target Support Files/Pods-proto_twitter/Pods-proto_twitter.release.xcconfig"; sourceTree = "<group>"; };
		C9744DE711CA4110A6B0E269 /* Pods-proto_twitterUITests.debug.xcconfig */ = {isa = PBXFileReference; includeInIndex = 1; lastKnownFileType = text.xcconfig; name = "Pods-proto_twitterUITests.debug.xcconfig"; path = "Pods/Target Support Files/Pods-proto_twitterUITests/Pods-proto_twitterUITests.debug.xcconfig"; sourceTree = "<group>"; };
		D1AA3F1A68FD42BA05578DE8 /* Pods_proto_twitter.framework */ = {isa = PBXFileReference; explicitFileType = wrapper.framework; includeInIndex = 0; path = Pods_proto_twitter.framework; sourceTree = BUILT_PRODUCTS_DIR; };
		D3C4BE42C0FCF7A1519FDE63 /* Pods-proto_twitterTests.debug.xcconfig */ = {isa = PBXFileReference; includeInIndex = 1; lastKnownFileType = text.xcconfig; name = "Pods-proto_twitterTests.debug.xcconfig"; path = "Pods/Target Support Files/Pods-proto_twitterTests/Pods-proto_twitterTests.debug.xcconfig"; sourceTree = "<group>"; };
		DD1B6CEC21AC0330004E6619 /* proto_twitter.app */ = {isa = PBXFileReference; explicitFileType = wrapper.application; includeInIndex = 0; path = proto_twitter.app; sourceTree = BUILT_PRODUCTS_DIR; };
		DD1B6CEF21AC0330004E6619 /* AppDelegate.swift */ = {isa = PBXFileReference; lastKnownFileType = sourcecode.swift; path = AppDelegate.swift; sourceTree = "<group>"; };
		DD1B6CF121AC0330004E6619 /* ViewController.swift */ = {isa = PBXFileReference; lastKnownFileType = sourcecode.swift; path = ViewController.swift; sourceTree = "<group>"; };
		DD1B6CF421AC0331004E6619 /* Base */ = {isa = PBXFileReference; lastKnownFileType = file.storyboard; name = Base; path = Base.lproj/Main.storyboard; sourceTree = "<group>"; };
		DD1B6CF621AC0338004E6619 /* Assets.xcassets */ = {isa = PBXFileReference; lastKnownFileType = folder.assetcatalog; path = Assets.xcassets; sourceTree = "<group>"; };
		DD1B6CF921AC0338004E6619 /* Base */ = {isa = PBXFileReference; lastKnownFileType = file.storyboard; name = Base; path = Base.lproj/LaunchScreen.storyboard; sourceTree = "<group>"; };
		DD1B6CFB21AC0338004E6619 /* Info.plist */ = {isa = PBXFileReference; lastKnownFileType = text.plist.xml; path = Info.plist; sourceTree = "<group>"; };
		DD1B6D0021AC0339004E6619 /* proto_twitterTests.xctest */ = {isa = PBXFileReference; explicitFileType = wrapper.cfbundle; includeInIndex = 0; path = proto_twitterTests.xctest; sourceTree = BUILT_PRODUCTS_DIR; };
		DD1B6D0421AC0339004E6619 /* proto_twitterTests.swift */ = {isa = PBXFileReference; lastKnownFileType = sourcecode.swift; path = proto_twitterTests.swift; sourceTree = "<group>"; };
		DD1B6D0621AC0339004E6619 /* Info.plist */ = {isa = PBXFileReference; lastKnownFileType = text.plist.xml; path = Info.plist; sourceTree = "<group>"; };
		DD1B6D0B21AC0339004E6619 /* proto_twitterUITests.xctest */ = {isa = PBXFileReference; explicitFileType = wrapper.cfbundle; includeInIndex = 0; path = proto_twitterUITests.xctest; sourceTree = BUILT_PRODUCTS_DIR; };
		DD1B6D0F21AC0339004E6619 /* proto_twitterUITests.swift */ = {isa = PBXFileReference; lastKnownFileType = sourcecode.swift; path = proto_twitterUITests.swift; sourceTree = "<group>"; };
		DD1B6D1121AC0339004E6619 /* Info.plist */ = {isa = PBXFileReference; lastKnownFileType = text.plist.xml; path = Info.plist; sourceTree = "<group>"; };
		DDEB384021AD30F800EEC59E /* GoogleService-Info.plist */ = {isa = PBXFileReference; fileEncoding = 4; lastKnownFileType = text.plist.xml; path = "GoogleService-Info.plist"; sourceTree = "<group>"; };
		F3619E5927EE3131A6C7B1E2 /* Pods-proto_twitter.debug.xcconfig */ = {isa = PBXFileReference; includeInIndex = 1; lastKnownFileType = text.xcconfig; name = "Pods-proto_twitter.debug.xcconfig"; path = "Pods/Target Support Files/Pods-proto_twitter/Pods-proto_twitter.debug.xcconfig"; sourceTree = "<group>"; };
/* End PBXFileReference section */

/* Begin PBXFrameworksBuildPhase section */
		DD1B6CE921AC0330004E6619 /* Frameworks */ = {
			isa = PBXFrameworksBuildPhase;
			buildActionMask = 2147483647;
			files = (
				BD282E3C2B9D428735AD2D59 /* Pods_proto_twitter.framework in Frameworks */,
			);
			runOnlyForDeploymentPostprocessing = 0;
		};
		DD1B6CFD21AC0339004E6619 /* Frameworks */ = {
			isa = PBXFrameworksBuildPhase;
			buildActionMask = 2147483647;
			files = (
				E3C02716D6A255938B6AE4D0 /* Pods_proto_twitterTests.framework in Frameworks */,
			);
			runOnlyForDeploymentPostprocessing = 0;
		};
		DD1B6D0821AC0339004E6619 /* Frameworks */ = {
			isa = PBXFrameworksBuildPhase;
			buildActionMask = 2147483647;
			files = (
				93A5260F96C49E2A581C4D3A /* Pods_proto_twitterUITests.framework in Frameworks */,
			);
			runOnlyForDeploymentPostprocessing = 0;
		};
/* End PBXFrameworksBuildPhase section */

/* Begin PBXGroup section */
		5B9AADB121B7642100862D06 /* ViewControllers */ = {
			isa = PBXGroup;
			children = (
				DD1B6CF121AC0330004E6619 /* ViewController.swift */,
				5B9AADB321B7653700862D06 /* SignUpViewController.swift */,
				5B9AADB521B7655200862D06 /* LoginViewController.swift */,
				5B9AADB821B766E600862D06 /* SMSAuthenticationViewController.swift */,
				5B9AADBA21B7673400862D06 /* TopPageViewController.swift */,
				5B287F8121B8BD1D004AE12C /* ProfileViewController.swift */,
			);
			path = ViewControllers;
			sourceTree = "<group>";
		};
		5B9AADB721B7663E00862D06 /* Views */ = {
			isa = PBXGroup;
			children = (
				DD1B6CF321AC0331004E6619 /* Main.storyboard */,
			);
			path = Views;
			sourceTree = "<group>";
		};
		774C9D6EEB85A2122C7F0984 /* Pods */ = {
			isa = PBXGroup;
			children = (
				F3619E5927EE3131A6C7B1E2 /* Pods-proto_twitter.debug.xcconfig */,
				92F5B18D1446F31F528C0D14 /* Pods-proto_twitter.release.xcconfig */,
				D3C4BE42C0FCF7A1519FDE63 /* Pods-proto_twitterTests.debug.xcconfig */,
				2ACA5D9052ECEF39BA191298 /* Pods-proto_twitterTests.release.xcconfig */,
				C9744DE711CA4110A6B0E269 /* Pods-proto_twitterUITests.debug.xcconfig */,
				699C4E2A07632EB3B0E20C99 /* Pods-proto_twitterUITests.release.xcconfig */,
			);
			name = Pods;
			sourceTree = "<group>";
		};
		DD1B6CE321AC0330004E6619 = {
			isa = PBXGroup;
			children = (
				DD1B6CEE21AC0330004E6619 /* proto_twitter */,
				DD1B6D0321AC0339004E6619 /* proto_twitterTests */,
				DD1B6D0E21AC0339004E6619 /* proto_twitterUITests */,
				DD1B6CED21AC0330004E6619 /* Products */,
				774C9D6EEB85A2122C7F0984 /* Pods */,
				E80D1BF490D3D8B4768463D0 /* Frameworks */,
			);
			sourceTree = "<group>";
		};
		DD1B6CED21AC0330004E6619 /* Products */ = {
			isa = PBXGroup;
			children = (
				DD1B6CEC21AC0330004E6619 /* proto_twitter.app */,
				DD1B6D0021AC0339004E6619 /* proto_twitterTests.xctest */,
				DD1B6D0B21AC0339004E6619 /* proto_twitterUITests.xctest */,
			);
			name = Products;
			sourceTree = "<group>";
		};
		DD1B6CEE21AC0330004E6619 /* proto_twitter */ = {
			isa = PBXGroup;
			children = (
				5B9AADB721B7663E00862D06 /* Views */,
				5B9AADB121B7642100862D06 /* ViewControllers */,
				DD1B6CEF21AC0330004E6619 /* AppDelegate.swift */,
				DD1B6CF621AC0338004E6619 /* Assets.xcassets */,
				DD1B6CF821AC0338004E6619 /* LaunchScreen.storyboard */,
				DD1B6CFB21AC0338004E6619 /* Info.plist */,
				DDEB384021AD30F800EEC59E /* GoogleService-Info.plist */,
			);
			path = proto_twitter;
			sourceTree = "<group>";
		};
		DD1B6D0321AC0339004E6619 /* proto_twitterTests */ = {
			isa = PBXGroup;
			children = (
				DD1B6D0421AC0339004E6619 /* proto_twitterTests.swift */,
				DD1B6D0621AC0339004E6619 /* Info.plist */,
			);
			path = proto_twitterTests;
			sourceTree = "<group>";
		};
		DD1B6D0E21AC0339004E6619 /* proto_twitterUITests */ = {
			isa = PBXGroup;
			children = (
				DD1B6D0F21AC0339004E6619 /* proto_twitterUITests.swift */,
				DD1B6D1121AC0339004E6619 /* Info.plist */,
			);
			path = proto_twitterUITests;
			sourceTree = "<group>";
		};
		E80D1BF490D3D8B4768463D0 /* Frameworks */ = {
			isa = PBXGroup;
			children = (
				D1AA3F1A68FD42BA05578DE8 /* Pods_proto_twitter.framework */,
				886491CD75AA7ED3CEE07479 /* Pods_proto_twitterTests.framework */,
				8ABF8B5D5969391BC5291373 /* Pods_proto_twitterUITests.framework */,
			);
			name = Frameworks;
			sourceTree = "<group>";
		};
/* End PBXGroup section */

/* Begin PBXNativeTarget section */
		DD1B6CEB21AC0330004E6619 /* proto_twitter */ = {
			isa = PBXNativeTarget;
			buildConfigurationList = DD1B6D1421AC0339004E6619 /* Build configuration list for PBXNativeTarget "proto_twitter" */;
			buildPhases = (
				FE3B5A207EF1043FFE8BD12F /* [CP] Check Pods Manifest.lock */,
				DD1B6CE821AC0330004E6619 /* Sources */,
				DD1B6CE921AC0330004E6619 /* Frameworks */,
				DD1B6CEA21AC0330004E6619 /* Resources */,
				773DD8452AFA77893CF4F330 /* [CP] Embed Pods Frameworks */,
			);
			buildRules = (
			);
			dependencies = (
			);
			name = proto_twitter;
			productName = proto_twitter;
			productReference = DD1B6CEC21AC0330004E6619 /* proto_twitter.app */;
			productType = "com.apple.product-type.application";
		};
		DD1B6CFF21AC0339004E6619 /* proto_twitterTests */ = {
			isa = PBXNativeTarget;
			buildConfigurationList = DD1B6D1721AC0339004E6619 /* Build configuration list for PBXNativeTarget "proto_twitterTests" */;
			buildPhases = (
				F79D95C64A063A1ED357768F /* [CP] Check Pods Manifest.lock */,
				DD1B6CFC21AC0339004E6619 /* Sources */,
				DD1B6CFD21AC0339004E6619 /* Frameworks */,
				DD1B6CFE21AC0339004E6619 /* Resources */,
			);
			buildRules = (
			);
			dependencies = (
				DD1B6D0221AC0339004E6619 /* PBXTargetDependency */,
			);
			name = proto_twitterTests;
			productName = proto_twitterTests;
			productReference = DD1B6D0021AC0339004E6619 /* proto_twitterTests.xctest */;
			productType = "com.apple.product-type.bundle.unit-test";
		};
		DD1B6D0A21AC0339004E6619 /* proto_twitterUITests */ = {
			isa = PBXNativeTarget;
			buildConfigurationList = DD1B6D1A21AC0339004E6619 /* Build configuration list for PBXNativeTarget "proto_twitterUITests" */;
			buildPhases = (
				603979C440EA88A9EFF87EF8 /* [CP] Check Pods Manifest.lock */,
				DD1B6D0721AC0339004E6619 /* Sources */,
				DD1B6D0821AC0339004E6619 /* Frameworks */,
				DD1B6D0921AC0339004E6619 /* Resources */,
			);
			buildRules = (
			);
			dependencies = (
				DD1B6D0D21AC0339004E6619 /* PBXTargetDependency */,
			);
			name = proto_twitterUITests;
			productName = proto_twitterUITests;
			productReference = DD1B6D0B21AC0339004E6619 /* proto_twitterUITests.xctest */;
			productType = "com.apple.product-type.bundle.ui-testing";
		};
/* End PBXNativeTarget section */

/* Begin PBXProject section */
		DD1B6CE421AC0330004E6619 /* Project object */ = {
			isa = PBXProject;
			attributes = {
				LastSwiftUpdateCheck = 0940;
				LastUpgradeCheck = 0940;
				ORGANIZATIONNAME = "福田光祐";
				TargetAttributes = {
					DD1B6CEB21AC0330004E6619 = {
						CreatedOnToolsVersion = 9.4.1;
					};
					DD1B6CFF21AC0339004E6619 = {
						CreatedOnToolsVersion = 9.4.1;
						TestTargetID = DD1B6CEB21AC0330004E6619;
					};
					DD1B6D0A21AC0339004E6619 = {
						CreatedOnToolsVersion = 9.4.1;
						TestTargetID = DD1B6CEB21AC0330004E6619;
					};
				};
			};
			buildConfigurationList = DD1B6CE721AC0330004E6619 /* Build configuration list for PBXProject "proto_twitter" */;
			compatibilityVersion = "Xcode 9.3";
			developmentRegion = en;
			hasScannedForEncodings = 0;
			knownRegions = (
				en,
				Base,
			);
			mainGroup = DD1B6CE321AC0330004E6619;
			productRefGroup = DD1B6CED21AC0330004E6619 /* Products */;
			projectDirPath = "";
			projectRoot = "";
			targets = (
				DD1B6CEB21AC0330004E6619 /* proto_twitter */,
				DD1B6CFF21AC0339004E6619 /* proto_twitterTests */,
				DD1B6D0A21AC0339004E6619 /* proto_twitterUITests */,
			);
		};
/* End PBXProject section */

/* Begin PBXResourcesBuildPhase section */
		DD1B6CEA21AC0330004E6619 /* Resources */ = {
			isa = PBXResourcesBuildPhase;
			buildActionMask = 2147483647;
			files = (
				DD1B6CFA21AC0338004E6619 /* LaunchScreen.storyboard in Resources */,
				DDEB384121AD30F800EEC59E /* GoogleService-Info.plist in Resources */,
				DD1B6CF721AC0338004E6619 /* Assets.xcassets in Resources */,
				DD1B6CF521AC0331004E6619 /* Main.storyboard in Resources */,
			);
			runOnlyForDeploymentPostprocessing = 0;
		};
		DD1B6CFE21AC0339004E6619 /* Resources */ = {
			isa = PBXResourcesBuildPhase;
			buildActionMask = 2147483647;
			files = (
			);
			runOnlyForDeploymentPostprocessing = 0;
		};
		DD1B6D0921AC0339004E6619 /* Resources */ = {
			isa = PBXResourcesBuildPhase;
			buildActionMask = 2147483647;
			files = (
			);
			runOnlyForDeploymentPostprocessing = 0;
		};
/* End PBXResourcesBuildPhase section */

/* Begin PBXShellScriptBuildPhase section */
		603979C440EA88A9EFF87EF8 /* [CP] Check Pods Manifest.lock */ = {
			isa = PBXShellScriptBuildPhase;
			buildActionMask = 2147483647;
			files = (
			);
			inputPaths = (
				"${PODS_PODFILE_DIR_PATH}/Podfile.lock",
				"${PODS_ROOT}/Manifest.lock",
			);
			name = "[CP] Check Pods Manifest.lock";
			outputPaths = (
				"$(DERIVED_FILE_DIR)/Pods-proto_twitterUITests-checkManifestLockResult.txt",
			);
			runOnlyForDeploymentPostprocessing = 0;
			shellPath = /bin/sh;
			shellScript = "diff \"${PODS_PODFILE_DIR_PATH}/Podfile.lock\" \"${PODS_ROOT}/Manifest.lock\" > /dev/null\nif [ $? != 0 ] ; then\n    # print error to STDERR\n    echo \"error: The sandbox is not in sync with the Podfile.lock. Run 'pod install' or update your CocoaPods installation.\" >&2\n    exit 1\nfi\n# This output is used by Xcode 'outputs' to avoid re-running this script phase.\necho \"SUCCESS\" > \"${SCRIPT_OUTPUT_FILE_0}\"\n";
			showEnvVarsInLog = 0;
		};
		773DD8452AFA77893CF4F330 /* [CP] Embed Pods Frameworks */ = {
			isa = PBXShellScriptBuildPhase;
			buildActionMask = 2147483647;
			files = (
			);
			inputPaths = (
				"${SRCROOT}/Pods/Target Support Files/Pods-proto_twitter/Pods-proto_twitter-frameworks.sh",
				"${BUILT_PRODUCTS_DIR}/GoogleUtilities/GoogleUtilities.framework",
				"${BUILT_PRODUCTS_DIR}/nanopb/nanopb.framework",
			);
			name = "[CP] Embed Pods Frameworks";
			outputPaths = (
				"${TARGET_BUILD_DIR}/${FRAMEWORKS_FOLDER_PATH}/GoogleUtilities.framework",
				"${TARGET_BUILD_DIR}/${FRAMEWORKS_FOLDER_PATH}/nanopb.framework",
			);
			runOnlyForDeploymentPostprocessing = 0;
			shellPath = /bin/sh;
			shellScript = "\"${SRCROOT}/Pods/Target Support Files/Pods-proto_twitter/Pods-proto_twitter-frameworks.sh\"\n";
			showEnvVarsInLog = 0;
		};
		F79D95C64A063A1ED357768F /* [CP] Check Pods Manifest.lock */ = {
			isa = PBXShellScriptBuildPhase;
			buildActionMask = 2147483647;
			files = (
			);
			inputPaths = (
				"${PODS_PODFILE_DIR_PATH}/Podfile.lock",
				"${PODS_ROOT}/Manifest.lock",
			);
			name = "[CP] Check Pods Manifest.lock";
			outputPaths = (
				"$(DERIVED_FILE_DIR)/Pods-proto_twitterTests-checkManifestLockResult.txt",
			);
			runOnlyForDeploymentPostprocessing = 0;
			shellPath = /bin/sh;
			shellScript = "diff \"${PODS_PODFILE_DIR_PATH}/Podfile.lock\" \"${PODS_ROOT}/Manifest.lock\" > /dev/null\nif [ $? != 0 ] ; then\n    # print error to STDERR\n    echo \"error: The sandbox is not in sync with the Podfile.lock. Run 'pod install' or update your CocoaPods installation.\" >&2\n    exit 1\nfi\n# This output is used by Xcode 'outputs' to avoid re-running this script phase.\necho \"SUCCESS\" > \"${SCRIPT_OUTPUT_FILE_0}\"\n";
			showEnvVarsInLog = 0;
		};
		FE3B5A207EF1043FFE8BD12F /* [CP] Check Pods Manifest.lock */ = {
			isa = PBXShellScriptBuildPhase;
			buildActionMask = 2147483647;
			files = (
			);
			inputPaths = (
				"${PODS_PODFILE_DIR_PATH}/Podfile.lock",
				"${PODS_ROOT}/Manifest.lock",
			);
			name = "[CP] Check Pods Manifest.lock";
			outputPaths = (
				"$(DERIVED_FILE_DIR)/Pods-proto_twitter-checkManifestLockResult.txt",
			);
			runOnlyForDeploymentPostprocessing = 0;
			shellPath = /bin/sh;
			shellScript = "diff \"${PODS_PODFILE_DIR_PATH}/Podfile.lock\" \"${PODS_ROOT}/Manifest.lock\" > /dev/null\nif [ $? != 0 ] ; then\n    # print error to STDERR\n    echo \"error: The sandbox is not in sync with the Podfile.lock. Run 'pod install' or update your CocoaPods installation.\" >&2\n    exit 1\nfi\n# This output is used by Xcode 'outputs' to avoid re-running this script phase.\necho \"SUCCESS\" > \"${SCRIPT_OUTPUT_FILE_0}\"\n";
			showEnvVarsInLog = 0;
		};
/* End PBXShellScriptBuildPhase section */

/* Begin PBXSourcesBuildPhase section */
		DD1B6CE821AC0330004E6619 /* Sources */ = {
			isa = PBXSourcesBuildPhase;
			buildActionMask = 2147483647;
			files = (
				5B9AADB621B7655200862D06 /* LoginViewController.swift in Sources */,
				5B9AADBB21B7673400862D06 /* TopPageViewController.swift in Sources */,
				5B9AADB921B766E600862D06 /* SMSAuthenticationViewController.swift in Sources */,
				5B9AADB421B7653700862D06 /* SignUpViewController.swift in Sources */,
				5B287F8221B8BD1D004AE12C /* ProfileViewController.swift in Sources */,
				DD1B6CF221AC0330004E6619 /* ViewController.swift in Sources */,
				DD1B6CF021AC0330004E6619 /* AppDelegate.swift in Sources */,
			);
			runOnlyForDeploymentPostprocessing = 0;
		};
		DD1B6CFC21AC0339004E6619 /* Sources */ = {
			isa = PBXSourcesBuildPhase;
			buildActionMask = 2147483647;
			files = (
				DD1B6D0521AC0339004E6619 /* proto_twitterTests.swift in Sources */,
			);
			runOnlyForDeploymentPostprocessing = 0;
		};
		DD1B6D0721AC0339004E6619 /* Sources */ = {
			isa = PBXSourcesBuildPhase;
			buildActionMask = 2147483647;
			files = (
				DD1B6D1021AC0339004E6619 /* proto_twitterUITests.swift in Sources */,
			);
			runOnlyForDeploymentPostprocessing = 0;
		};
/* End PBXSourcesBuildPhase section */

/* Begin PBXTargetDependency section */
		DD1B6D0221AC0339004E6619 /* PBXTargetDependency */ = {
			isa = PBXTargetDependency;
			target = DD1B6CEB21AC0330004E6619 /* proto_twitter */;
			targetProxy = DD1B6D0121AC0339004E6619 /* PBXContainerItemProxy */;
		};
		DD1B6D0D21AC0339004E6619 /* PBXTargetDependency */ = {
			isa = PBXTargetDependency;
			target = DD1B6CEB21AC0330004E6619 /* proto_twitter */;
			targetProxy = DD1B6D0C21AC0339004E6619 /* PBXContainerItemProxy */;
		};
/* End PBXTargetDependency section */

/* Begin PBXVariantGroup section */
		DD1B6CF321AC0331004E6619 /* Main.storyboard */ = {
			isa = PBXVariantGroup;
			children = (
				DD1B6CF421AC0331004E6619 /* Base */,
			);
			name = Main.storyboard;
			sourceTree = "<group>";
		};
		DD1B6CF821AC0338004E6619 /* LaunchScreen.storyboard */ = {
			isa = PBXVariantGroup;
			children = (
				DD1B6CF921AC0338004E6619 /* Base */,
			);
			name = LaunchScreen.storyboard;
			sourceTree = "<group>";
		};
/* End PBXVariantGroup section */

/* Begin XCBuildConfiguration section */
		DD1B6D1221AC0339004E6619 /* Debug */ = {
			isa = XCBuildConfiguration;
			buildSettings = {
				ALWAYS_SEARCH_USER_PATHS = NO;
				CLANG_ANALYZER_NONNULL = YES;
				CLANG_ANALYZER_NUMBER_OBJECT_CONVERSION = YES_AGGRESSIVE;
				CLANG_CXX_LANGUAGE_STANDARD = "gnu++14";
				CLANG_CXX_LIBRARY = "libc++";
				CLANG_ENABLE_MODULES = YES;
				CLANG_ENABLE_OBJC_ARC = YES;
				CLANG_ENABLE_OBJC_WEAK = YES;
				CLANG_WARN_BLOCK_CAPTURE_AUTORELEASING = YES;
				CLANG_WARN_BOOL_CONVERSION = YES;
				CLANG_WARN_COMMA = YES;
				CLANG_WARN_CONSTANT_CONVERSION = YES;
				CLANG_WARN_DEPRECATED_OBJC_IMPLEMENTATIONS = YES;
				CLANG_WARN_DIRECT_OBJC_ISA_USAGE = YES_ERROR;
				CLANG_WARN_DOCUMENTATION_COMMENTS = YES;
				CLANG_WARN_EMPTY_BODY = YES;
				CLANG_WARN_ENUM_CONVERSION = YES;
				CLANG_WARN_INFINITE_RECURSION = YES;
				CLANG_WARN_INT_CONVERSION = YES;
				CLANG_WARN_NON_LITERAL_NULL_CONVERSION = YES;
				CLANG_WARN_OBJC_IMPLICIT_RETAIN_SELF = YES;
				CLANG_WARN_OBJC_LITERAL_CONVERSION = YES;
				CLANG_WARN_OBJC_ROOT_CLASS = YES_ERROR;
				CLANG_WARN_RANGE_LOOP_ANALYSIS = YES;
				CLANG_WARN_STRICT_PROTOTYPES = YES;
				CLANG_WARN_SUSPICIOUS_MOVE = YES;
				CLANG_WARN_UNGUARDED_AVAILABILITY = YES_AGGRESSIVE;
				CLANG_WARN_UNREACHABLE_CODE = YES;
				CLANG_WARN__DUPLICATE_METHOD_MATCH = YES;
				CODE_SIGN_IDENTITY = "iPhone Developer";
				COPY_PHASE_STRIP = NO;
				DEBUG_INFORMATION_FORMAT = dwarf;
				ENABLE_STRICT_OBJC_MSGSEND = YES;
				ENABLE_TESTABILITY = YES;
				GCC_C_LANGUAGE_STANDARD = gnu11;
				GCC_DYNAMIC_NO_PIC = NO;
				GCC_NO_COMMON_BLOCKS = YES;
				GCC_OPTIMIZATION_LEVEL = 0;
				GCC_PREPROCESSOR_DEFINITIONS = (
					"DEBUG=1",
					"$(inherited)",
				);
				GCC_WARN_64_TO_32_BIT_CONVERSION = YES;
				GCC_WARN_ABOUT_RETURN_TYPE = YES_ERROR;
				GCC_WARN_UNDECLARED_SELECTOR = YES;
				GCC_WARN_UNINITIALIZED_AUTOS = YES_AGGRESSIVE;
				GCC_WARN_UNUSED_FUNCTION = YES;
				GCC_WARN_UNUSED_VARIABLE = YES;
				IPHONEOS_DEPLOYMENT_TARGET = 11.4;
				MTL_ENABLE_DEBUG_INFO = YES;
				ONLY_ACTIVE_ARCH = YES;
				SDKROOT = iphoneos;
				SWIFT_ACTIVE_COMPILATION_CONDITIONS = DEBUG;
				SWIFT_OPTIMIZATION_LEVEL = "-Onone";
			};
			name = Debug;
		};
		DD1B6D1321AC0339004E6619 /* Release */ = {
			isa = XCBuildConfiguration;
			buildSettings = {
				ALWAYS_SEARCH_USER_PATHS = NO;
				CLANG_ANALYZER_NONNULL = YES;
				CLANG_ANALYZER_NUMBER_OBJECT_CONVERSION = YES_AGGRESSIVE;
				CLANG_CXX_LANGUAGE_STANDARD = "gnu++14";
				CLANG_CXX_LIBRARY = "libc++";
				CLANG_ENABLE_MODULES = YES;
				CLANG_ENABLE_OBJC_ARC = YES;
				CLANG_ENABLE_OBJC_WEAK = YES;
				CLANG_WARN_BLOCK_CAPTURE_AUTORELEASING = YES;
				CLANG_WARN_BOOL_CONVERSION = YES;
				CLANG_WARN_COMMA = YES;
				CLANG_WARN_CONSTANT_CONVERSION = YES;
				CLANG_WARN_DEPRECATED_OBJC_IMPLEMENTATIONS = YES;
				CLANG_WARN_DIRECT_OBJC_ISA_USAGE = YES_ERROR;
				CLANG_WARN_DOCUMENTATION_COMMENTS = YES;
				CLANG_WARN_EMPTY_BODY = YES;
				CLANG_WARN_ENUM_CONVERSION = YES;
				CLANG_WARN_INFINITE_RECURSION = YES;
				CLANG_WARN_INT_CONVERSION = YES;
				CLANG_WARN_NON_LITERAL_NULL_CONVERSION = YES;
				CLANG_WARN_OBJC_IMPLICIT_RETAIN_SELF = YES;
				CLANG_WARN_OBJC_LITERAL_CONVERSION = YES;
				CLANG_WARN_OBJC_ROOT_CLASS = YES_ERROR;
				CLANG_WARN_RANGE_LOOP_ANALYSIS = YES;
				CLANG_WARN_STRICT_PROTOTYPES = YES;
				CLANG_WARN_SUSPICIOUS_MOVE = YES;
				CLANG_WARN_UNGUARDED_AVAILABILITY = YES_AGGRESSIVE;
				CLANG_WARN_UNREACHABLE_CODE = YES;
				CLANG_WARN__DUPLICATE_METHOD_MATCH = YES;
				CODE_SIGN_IDENTITY = "iPhone Developer";
				COPY_PHASE_STRIP = NO;
				DEBUG_INFORMATION_FORMAT = "dwarf-with-dsym";
				ENABLE_NS_ASSERTIONS = NO;
				ENABLE_STRICT_OBJC_MSGSEND = YES;
				GCC_C_LANGUAGE_STANDARD = gnu11;
				GCC_NO_COMMON_BLOCKS = YES;
				GCC_WARN_64_TO_32_BIT_CONVERSION = YES;
				GCC_WARN_ABOUT_RETURN_TYPE = YES_ERROR;
				GCC_WARN_UNDECLARED_SELECTOR = YES;
				GCC_WARN_UNINITIALIZED_AUTOS = YES_AGGRESSIVE;
				GCC_WARN_UNUSED_FUNCTION = YES;
				GCC_WARN_UNUSED_VARIABLE = YES;
				IPHONEOS_DEPLOYMENT_TARGET = 11.4;
				MTL_ENABLE_DEBUG_INFO = NO;
				SDKROOT = iphoneos;
				SWIFT_COMPILATION_MODE = wholemodule;
				SWIFT_OPTIMIZATION_LEVEL = "-O";
				VALIDATE_PRODUCT = YES;
			};
			name = Release;
		};
		DD1B6D1521AC0339004E6619 /* Debug */ = {
			isa = XCBuildConfiguration;
			baseConfigurationReference = F3619E5927EE3131A6C7B1E2 /* Pods-proto_twitter.debug.xcconfig */;
			buildSettings = {
				ASSETCATALOG_COMPILER_APPICON_NAME = AppIcon;
				CODE_SIGN_STYLE = Automatic;
				DEVELOPMENT_TEAM = 6T774LNS7X;
				INFOPLIST_FILE = proto_twitter/Info.plist;
				IPHONEOS_DEPLOYMENT_TARGET = 11.0;
				LD_RUNPATH_SEARCH_PATHS = (
					"$(inherited)",
					"@executable_path/Frameworks",
				);
				PRODUCT_BUNDLE_IDENTIFIER = "com.kosukefukuda.proto-twitter";
				PRODUCT_NAME = "$(TARGET_NAME)";
				SWIFT_VERSION = 4.0;
				TARGETED_DEVICE_FAMILY = "1,2";
			};
			name = Debug;
		};
		DD1B6D1621AC0339004E6619 /* Release */ = {
			isa = XCBuildConfiguration;
			baseConfigurationReference = 92F5B18D1446F31F528C0D14 /* Pods-proto_twitter.release.xcconfig */;
			buildSettings = {
				ASSETCATALOG_COMPILER_APPICON_NAME = AppIcon;
				CODE_SIGN_STYLE = Automatic;
				DEVELOPMENT_TEAM = 6T774LNS7X;
				INFOPLIST_FILE = proto_twitter/Info.plist;
				IPHONEOS_DEPLOYMENT_TARGET = 11.0;
				LD_RUNPATH_SEARCH_PATHS = (
					"$(inherited)",
					"@executable_path/Frameworks",
				);
				PRODUCT_BUNDLE_IDENTIFIER = "com.kosukefukuda.proto-twitter";
				PRODUCT_NAME = "$(TARGET_NAME)";
				SWIFT_VERSION = 4.0;
				TARGETED_DEVICE_FAMILY = "1,2";
			};
			name = Release;
		};
		DD1B6D1821AC0339004E6619 /* Debug */ = {
			isa = XCBuildConfiguration;
			baseConfigurationReference = D3C4BE42C0FCF7A1519FDE63 /* Pods-proto_twitterTests.debug.xcconfig */;
			buildSettings = {
				ALWAYS_EMBED_SWIFT_STANDARD_LIBRARIES = YES;
				BUNDLE_LOADER = "$(TEST_HOST)";
				CODE_SIGN_STYLE = Automatic;
				DEVELOPMENT_TEAM = 6T774LNS7X;
				INFOPLIST_FILE = proto_twitterTests/Info.plist;
				LD_RUNPATH_SEARCH_PATHS = (
					"$(inherited)",
					"@executable_path/Frameworks",
					"@loader_path/Frameworks",
				);
				PRODUCT_BUNDLE_IDENTIFIER = "com.kosukefukuda.proto-twitterTests";
				PRODUCT_NAME = "$(TARGET_NAME)";
				SWIFT_VERSION = 4.0;
				TARGETED_DEVICE_FAMILY = "1,2";
				TEST_HOST = "$(BUILT_PRODUCTS_DIR)/proto_twitter.app/proto_twitter";
			};
			name = Debug;
		};
		DD1B6D1921AC0339004E6619 /* Release */ = {
			isa = XCBuildConfiguration;
			baseConfigurationReference = 2ACA5D9052ECEF39BA191298 /* Pods-proto_twitterTests.release.xcconfig */;
			buildSettings = {
				ALWAYS_EMBED_SWIFT_STANDARD_LIBRARIES = YES;
				BUNDLE_LOADER = "$(TEST_HOST)";
				CODE_SIGN_STYLE = Automatic;
				DEVELOPMENT_TEAM = 6T774LNS7X;
				INFOPLIST_FILE = proto_twitterTests/Info.plist;
				LD_RUNPATH_SEARCH_PATHS = (
					"$(inherited)",
					"@executable_path/Frameworks",
					"@loader_path/Frameworks",
				);
				PRODUCT_BUNDLE_IDENTIFIER = "com.kosukefukuda.proto-twitterTests";
				PRODUCT_NAME = "$(TARGET_NAME)";
				SWIFT_VERSION = 4.0;
				TARGETED_DEVICE_FAMILY = "1,2";
				TEST_HOST = "$(BUILT_PRODUCTS_DIR)/proto_twitter.app/proto_twitter";
			};
			name = Release;
		};
		DD1B6D1B21AC0339004E6619 /* Debug */ = {
			isa = XCBuildConfiguration;
			baseConfigurationReference = C9744DE711CA4110A6B0E269 /* Pods-proto_twitterUITests.debug.xcconfig */;
			buildSettings = {
				ALWAYS_EMBED_SWIFT_STANDARD_LIBRARIES = YES;
				CODE_SIGN_STYLE = Automatic;
				DEVELOPMENT_TEAM = 6T774LNS7X;
				INFOPLIST_FILE = proto_twitterUITests/Info.plist;
				LD_RUNPATH_SEARCH_PATHS = (
					"$(inherited)",
					"@executable_path/Frameworks",
					"@loader_path/Frameworks",
				);
				PRODUCT_BUNDLE_IDENTIFIER = "com.kosukefukuda.proto-twitterUITests";
				PRODUCT_NAME = "$(TARGET_NAME)";
				SWIFT_VERSION = 4.0;
				TARGETED_DEVICE_FAMILY = "1,2";
				TEST_TARGET_NAME = proto_twitter;
			};
			name = Debug;
		};
		DD1B6D1C21AC0339004E6619 /* Release */ = {
			isa = XCBuildConfiguration;
			baseConfigurationReference = 699C4E2A07632EB3B0E20C99 /* Pods-proto_twitterUITests.release.xcconfig */;
			buildSettings = {
				ALWAYS_EMBED_SWIFT_STANDARD_LIBRARIES = YES;
				CODE_SIGN_STYLE = Automatic;
				DEVELOPMENT_TEAM = 6T774LNS7X;
				INFOPLIST_FILE = proto_twitterUITests/Info.plist;
				LD_RUNPATH_SEARCH_PATHS = (
					"$(inherited)",
					"@executable_path/Frameworks",
					"@loader_path/Frameworks",
				);
				PRODUCT_BUNDLE_IDENTIFIER = "com.kosukefukuda.proto-twitterUITests";
				PRODUCT_NAME = "$(TARGET_NAME)";
				SWIFT_VERSION = 4.0;
				TARGETED_DEVICE_FAMILY = "1,2";
				TEST_TARGET_NAME = proto_twitter;
			};
			name = Release;
		};
/* End XCBuildConfiguration section */

/* Begin XCConfigurationList section */
		DD1B6CE721AC0330004E6619 /* Build configuration list for PBXProject "proto_twitter" */ = {
			isa = XCConfigurationList;
			buildConfigurations = (
				DD1B6D1221AC0339004E6619 /* Debug */,
				DD1B6D1321AC0339004E6619 /* Release */,
			);
			defaultConfigurationIsVisible = 0;
			defaultConfigurationName = Release;
		};
		DD1B6D1421AC0339004E6619 /* Build configuration list for PBXNativeTarget "proto_twitter" */ = {
			isa = XCConfigurationList;
			buildConfigurations = (
				DD1B6D1521AC0339004E6619 /* Debug */,
				DD1B6D1621AC0339004E6619 /* Release */,
			);
			defaultConfigurationIsVisible = 0;
			defaultConfigurationName = Release;
		};
		DD1B6D1721AC0339004E6619 /* Build configuration list for PBXNativeTarget "proto_twitterTests" */ = {
			isa = XCConfigurationList;
			buildConfigurations = (
				DD1B6D1821AC0339004E6619 /* Debug */,
				DD1B6D1921AC0339004E6619 /* Release */,
			);
			defaultConfigurationIsVisible = 0;
			defaultConfigurationName = Release;
		};
		DD1B6D1A21AC0339004E6619 /* Build configuration list for PBXNativeTarget "proto_twitterUITests" */ = {
			isa = XCConfigurationList;
			buildConfigurations = (
				DD1B6D1B21AC0339004E6619 /* Debug */,
				DD1B6D1C21AC0339004E6619 /* Release */,
			);
			defaultConfigurationIsVisible = 0;
			defaultConfigurationName = Release;
		};
/* End XCConfigurationList section */
	};
	rootObject = DD1B6CE421AC0330004E6619 /* Project object */;
}
